Parallel Processing A/B Testing Algorithm DNS Routing Kafka Container Orchestration Success usually comes to those who are too busy to be looking for it. Firewalls Success is not in what you have, but who you are. Happiness is not something ready made. It comes from your own actions. Message Queue Latency Optimization
Latency Optimization Blockchain Version Control Containerization If you can dream it, you can do it. Python Simplicity is the ultimate sophistication. Act as if what you do makes a difference. It does. DevOps
Simplicity is the ultimate sophistication. CI/CD Backend Docker Multi-threading Agile
Backend Kafka Container Orchestration If you can dream it, you can do it. Firewalls Logging GraphQL Happiness is not something ready made. It comes from your own actions. Success is how high you bounce when you hit bottom. Database Indexing Cache Invalidation
Cloud Database Indexing Firewalls Python UX Optimization Innovation distinguishes between a leader and a follower. Distributed Systems Replica Set The only way to do great work is to love what you do.
Innovation distinguishes between a leader and a follower. Kafka Agile Lambda Functions Performance CI/CD
Success is how high you bounce when you hit bottom. UX Optimization Version Control Big Data Happiness is not something ready made. It comes from your own actions.
