Parallel Processing A/B Testing Algorithm DNS Routing Kafka Container Orchestration Success usually comes to those who are too busy to be looking for it. Firewalls Success is not in what you have, but who you are. Happiness is not something ready made. It comes from your own actions. Message Queue Latency Optimization
